
Microsoft Visual Studio Solution File, Format Version 12.00
# Visual Studio Version 17
VisualStudioVersion = 17.12.35527.113 d17.12
MinimumVisualStudioVersion = 10.0.40219.1
Project("{FAE04EC0-301F-11D3-BF4B-00C04F79EFBC}") = "TLSExample", "TLSExample\TLSExample.csproj", "{8ECAF63F-694A-4E94-821F-7A5A5E7302D7}"
EndProject
Project("{FAE04EC0-301F-11D3-BF4B-00C04F79EFBC}") = "HTTPSExample", "HTTPSExample\HTTPSExample.csproj", "{8CADAC34-9320-49D9-A7AD-B92637F804DC}"
EndProject
Global
	GlobalSection(SolutionProperties) = preSolution
		HideSolutionNode = FALSE
	EndGlobalSection
	GlobalSection(SolutionConfigurationPlatforms) = preSolution
		Debug|Any CPU = Debug|Any CPU
		Debug|x64 = Debug|x64
		Debug|x86 = Debug|x86
		Release|Any CPU = Release|Any CPU
		Release|x64 = Release|x64
		Release|x86 = Release|x86
	EndGlobalSection
	GlobalSection(ProjectConfigurationPlatforms) = postSolution
		{8ECAF63F-694A-4E94-821F-7A5A5E7302D7}.Debug|Any CPU.ActiveCfg = Debug|Any CPU
		{8ECAF63F-694A-4E94-821F-7A5A5E7302D7}.Debug|Any CPU.Build.0 = Debug|Any CPU
		{8ECAF63F-694A-4E94-821F-7A5A5E7302D7}.Debug|x64.ActiveCfg = Debug|Any CPU
		{8ECAF63F-694A-4E94-821F-7A5A5E7302D7}.Debug|x64.Build.0 = Debug|Any CPU
		{8ECAF63F-694A-4E94-821F-7A5A5E7302D7}.Debug|x86.ActiveCfg = Debug|Any CPU
		{8ECAF63F-694A-4E94-821F-7A5A5E7302D7}.Debug|x86.Build.0 = Debug|Any CPU
		{8ECAF63F-694A-4E94-821F-7A5A5E7302D7}.Release|Any CPU.ActiveCfg = Release|Any CPU
		{8ECAF63F-694A-4E94-821F-7A5A5E7302D7}.Release|Any CPU.Build.0 = Release|Any CPU
		{8ECAF63F-694A-4E94-821F-7A5A5E7302D7}.Release|x64.ActiveCfg = Release|Any CPU
		{8ECAF63F-694A-4E94-821F-7A5A5E7302D7}.Release|x64.Build.0 = Release|Any CPU
		{8ECAF63F-694A-4E94-821F-7A5A5E7302D7}.Release|x86.ActiveCfg = Release|Any CPU
		{8ECAF63F-694A-4E94-821F-7A5A5E7302D7}.Release|x86.Build.0 = Release|Any CPU
		{8CADAC34-9320-49D9-A7AD-B92637F804DC}.Debug|Any CPU.ActiveCfg = Debug|Any CPU
		{8CADAC34-9320-49D9-A7AD-B92637F804DC}.Debug|Any CPU.Build.0 = Debug|Any CPU
		{8CADAC34-9320-49D9-A7AD-B92637F804DC}.Debug|x64.ActiveCfg = Debug|Any CPU
		{8CADAC34-9320-49D9-A7AD-B92637F804DC}.Debug|x64.Build.0 = Debug|Any CPU
		{8CADAC34-9320-49D9-A7AD-B92637F804DC}.Debug|x86.ActiveCfg = Debug|Any CPU
		{8CADAC34-9320-49D9-A7AD-B92637F804DC}.Debug|x86.Build.0 = Debug|Any CPU
		{8CADAC34-9320-49D9-A7AD-B92637F804DC}.Release|Any CPU.ActiveCfg = Release|Any CPU
		{8CADAC34-9320-49D9-A7AD-B92637F804DC}.Release|Any CPU.Build.0 = Release|Any CPU
		{8CADAC34-9320-49D9-A7AD-B92637F804DC}.Release|x64.ActiveCfg = Release|Any CPU
		{8CADAC34-9320-49D9-A7AD-B92637F804DC}.Release|x64.Build.0 = Release|Any CPU
		{8CADAC34-9320-49D9-A7AD-B92637F804DC}.Release|x86.ActiveCfg = Release|Any CPU
		{8CADAC34-9320-49D9-A7AD-B92637F804DC}.Release|x86.Build.0 = Release|Any CPU
	EndGlobalSection
EndGlobal
